
Microsoft Visual Studio Solution File, Format Version 12.00
# Visual Studio 15
VisualStudioVersion = 15.0.28010.2003
MinimumVisualStudioVersion = 10.0.40219.1
Project("{FAE04EC0-301F-11D3-BF4B-00C04F79EFBC}") = "XmlRestApp", "XmlRestApp\XmlRestApp.csproj", "{72DDB5F3-897F-456F-AB68-56519A3F54C0}"
EndProject
Global
	GlobalSection(SolutionConfigurationPlatforms) = preSolution
		Debug|Any CPU = Debug|Any CPU
		Release|Any CPU = Release|Any CPU
	EndGlobalSection
	GlobalSection(ProjectConfigurationPlatforms) = postSolution
		{72DDB5F3-897F-456F-AB68-56519A3F54C0}.Debug|Any CPU.ActiveCfg = Debug|Any CPU
		{72DDB5F3-897F-456F-AB68-56519A3F54C0}.Debug|Any CPU.Build.0 = Debug|Any CPU
		{72DDB5F3-897F-456F-AB68-56519A3F54C0}.Release|Any CPU.ActiveCfg = Release|Any CPU
		{72DDB5F3-897F-456F-AB68-56519A3F54C0}.Release|Any CPU.Build.0 = Release|Any CPU
	EndGlobalSection
	GlobalSection(SolutionProperties) = preSolution
		HideSolutionNode = FALSE
	EndGlobalSection
	GlobalSection(ExtensibilityGlobals) = postSolution
		SolutionGuid = {E344B63E-6D39-4FC6-81D3-E1258592CD22}
	EndGlobalSection
EndGlobal
